
Microsoft Visual Studio Solution File, Format Version 12.00
# Visual Studio 15
Project("{FAE04EC0-301F-11D3-BF4B-00C04F79EFBC}") = "Assembly-CSharp-Editor", "Assembly-CSharp-Editor.csproj", "{F0FC8BAB-0F9C-FA31-A2DC-EABD47F66467}"
EndProject
Project("{FAE04EC0-301F-11D3-BF4B-00C04F79EFBC}") = "Assembly-CSharp", "Assembly-CSharp.csproj", "{171F93BB-1FF5-9AC7-9979-E46FF6CF7BAF}"
EndProject
Global
	GlobalSection(SolutionConfigurationPlatforms) = preSolution
		Debug|Any CPU = Debug|Any CPU
		Release|Any CPU = Release|Any CPU
	EndGlobalSection
	GlobalSection(ProjectConfigurationPlatforms) = postSolution
		{F0FC8BAB-0F9C-FA31-A2DC-EABD47F66467}.Debug|Any CPU.ActiveCfg = Debug|Any CPU
		{F0FC8BAB-0F9C-FA31-A2DC-EABD47F66467}.Debug|Any CPU.Build.0 = Debug|Any CPU
		{F0FC8BAB-0F9C-FA31-A2DC-EABD47F66467}.Release|Any CPU.ActiveCfg = Release|Any CPU
		{F0FC8BAB-0F9C-FA31-A2DC-EABD47F66467}.Release|Any CPU.Build.0 = Release|Any CPU
		{171F93BB-1FF5-9AC7-9979-E46FF6CF7BAF}.Debug|Any CPU.ActiveCfg = Debug|Any CPU
		{171F93BB-1FF5-9AC7-9979-E46FF6CF7BAF}.Debug|Any CPU.Build.0 = Debug|Any CPU
		{171F93BB-1FF5-9AC7-9979-E46FF6CF7BAF}.Release|Any CPU.ActiveCfg = Release|Any CPU
		{171F93BB-1FF5-9AC7-9979-E46FF6CF7BAF}.Release|Any CPU.Build.0 = Release|Any CPU
	EndGlobalSection
	GlobalSection(SolutionProperties) = preSolution
		HideSolutionNode = FALSE
	EndGlobalSection
EndGlobal
